
Microsoft Visual Studio Solution File, Format Version 12.00
# Visual Studio 15
VisualStudioVersion = 15.0.27428.2027
MinimumVisualStudioVersion = 10.0.40219.1
Project("{FAE04EC0-301F-11D3-BF4B-00C04F79EFBC}") = "EvaluacionForms.Android", "EvaluacionForms\EvaluacionForms.Android\EvaluacionForms.Android.csproj", "{E42933E3-27EB-425C-B9CE-E624AED38126}"
EndProject
Project("{FAE04EC0-301F-11D3-BF4B-00C04F79EFBC}") = "EvaluacionForms.iOS", "EvaluacionForms\EvaluacionForms.iOS\EvaluacionForms.iOS.csproj", "{FA55DECD-0ED7-4A12-B55C-A13AA0F95BC1}"
EndProject
Project("{FAE04EC0-301F-11D3-BF4B-00C04F79EFBC}") = "EvaluacionForms.UWP", "EvaluacionForms\EvaluacionForms.UWP\EvaluacionForms.UWP.csproj", "{A2D82AFC-6E2B-4828-A381-5B2CD83AED54}"
EndProject
Project("{D954291E-2A0B-460D-934E-DC6B0785DB48}") = "EvaluacionForms", "EvaluacionForms\EvaluacionForms\EvaluacionForms.shproj", "{7015C553-549F-4712-A3E7-A023712C4B8D}"
EndProject
Global
	GlobalSection(SharedMSBuildProjectFiles) = preSolution
		EvaluacionForms\EvaluacionForms\EvaluacionForms.projitems*{7015c553-549f-4712-a3e7-a023712c4b8d}*SharedItemsImports = 13
		EvaluacionForms\EvaluacionForms\EvaluacionForms.projitems*{a2d82afc-6e2b-4828-a381-5b2cd83aed54}*SharedItemsImports = 4
		EvaluacionForms\EvaluacionForms\EvaluacionForms.projitems*{e42933e3-27eb-425c-b9ce-e624aed38126}*SharedItemsImports = 4
		EvaluacionForms\EvaluacionForms\EvaluacionForms.projitems*{fa55decd-0ed7-4a12-b55c-a13aa0f95bc1}*SharedItemsImports = 4
	EndGlobalSection
	GlobalSection(SolutionConfigurationPlatforms) = preSolution
		Ad-Hoc|Any CPU = Ad-Hoc|Any CPU
		Ad-Hoc|ARM = Ad-Hoc|ARM
		Ad-Hoc|iPhone = Ad-Hoc|iPhone
		Ad-Hoc|iPhoneSimulator = Ad-Hoc|iPhoneSimulator
		Ad-Hoc|x64 = Ad-Hoc|x64
		Ad-Hoc|x86 = Ad-Hoc|x86
		AppStore|Any CPU = AppStore|Any CPU
		AppStore|ARM = AppStore|ARM
		AppStore|iPhone = AppStore|iPhone
		AppStore|iPhoneSimulator = AppStore|iPhoneSimulator
		AppStore|x64 = AppStore|x64
		AppStore|x86 = AppStore|x86
		Debug|Any CPU = Debug|Any CPU
		Debug|ARM = Debug|ARM
		Debug|iPhone = Debug|iPhone
		Debug|iPhoneSimulator = Debug|iPhoneSimulator
		Debug|x64 = Debug|x64
		Debug|x86 = Debug|x86
		Release|Any CPU = Release|Any CPU
		Release|ARM = Release|ARM
		Release|iPhone = Release|iPhone
		Release|iPhoneSimulator = Release|iPhoneSimulator
		Release|x64 = Release|x64
		Release|x86 = Release|x86
	EndGlobalSection
	GlobalSection(ProjectConfigurationPlatforms) = postSolution
		{E42933E3-27EB-425C-B9CE-E624AED38126}.Ad-Hoc|Any CPU.ActiveCfg = Release|Any CPU
		{E42933E3-27EB-425C-B9CE-E624AED38126}.Ad-Hoc|Any CPU.Build.0 = Release|Any CPU
		{E42933E3-27EB-425C-B9CE-E624AED38126}.Ad-Hoc|Any CPU.Deploy.0 = Release|Any CPU
		{E42933E3-27EB-425C-B9CE-E624AED38126}.Ad-Hoc|ARM.ActiveCfg = Release|Any CPU
		{E42933E3-27EB-425C-B9CE-E624AED38126}.Ad-Hoc|ARM.Build.0 = Release|Any CPU
		{E42933E3-27EB-425C-B9CE-E624AED38126}.Ad-Hoc|ARM.Deploy.0 = Release|Any CPU
		{E42933E3-27EB-425C-B9CE-E624AED38126}.Ad-Hoc|iPhone.ActiveCfg = Release|Any CPU
		{E42933E3-27EB-425C-B9CE-E624AED38126}.Ad-Hoc|iPhone.Build.0 = Release|Any CPU
		{E42933E3-27EB-425C-B9CE-E624AED38126}.Ad-Hoc|iPhone.Deploy.0 = Release|Any CPU
		{E42933E3-27EB-425C-B9CE-E624AED38126}.Ad-Hoc|iPhoneSimulator.ActiveCfg = Release|Any CPU
		{E42933E3-27EB-425C-B9CE-E624AED38126}.Ad-Hoc|iPhoneSimulator.Build.0 = Release|Any CPU
		{E42933E3-27EB-425C-B9CE-E624AED38126}.Ad-Hoc|iPhoneSimulator.Deploy.0 = Release|Any CPU
		{E42933E3-27EB-425C-B9CE-E624AED38126}.Ad-Hoc|x64.ActiveCfg = Release|Any CPU
		{E42933E3-27EB-425C-B9CE-E624AED38126}.Ad-Hoc|x64.Build.0 = Release|Any CPU
		{E42933E3-27EB-425C-B9CE-E624AED38126}.Ad-Hoc|x64.Deploy.0 = Release|Any CPU
		{E42933E3-27EB-425C-B9CE-E624AED38126}.Ad-Hoc|x86.ActiveCfg = Release|Any CPU
		{E42933E3-27EB-425C-B9CE-E624AED38126}.Ad-Hoc|x86.Build.0 = Release|Any CPU
		{E42933E3-27EB-425C-B9CE-E624AED38126}.Ad-Hoc|x86.Deploy.0 = Release|Any CPU
		{E42933E3-27EB-425C-B9CE-E624AED38126}.AppStore|Any CPU.ActiveCfg = Release|Any CPU
		{E42933E3-27EB-425C-B9CE-E624AED38126}.AppStore|Any CPU.Build.0 = Release|Any CPU
		{E42933E3-27EB-425C-B9CE-E624AED38126}.AppStore|Any CPU.Deploy.0 = Release|Any CPU
		{E42933E3-27EB-425C-B9CE-E624AED38126}.AppStore|ARM.ActiveCfg = Release|Any CPU
		{E42933E3-27EB-425C-B9CE-E624AED38126}.AppStore|ARM.Build.0 = Release|Any CPU
		{E42933E3-27EB-425C-B9CE-E624AED38126}.AppStore|ARM.Deploy.0 = Release|Any CPU
		{E42933E3-27EB-425C-B9CE-E624AED38126}.AppStore|iPhone.ActiveCfg = Release|Any CPU
		{E42933E3-27EB-425C-B9CE-E624AED38126}.AppStore|iPhone.Build.0 = Release|Any CPU
		{E42933E3-27EB-425C-B9CE-E624AED38126}.AppStore|iPhone.Deploy.0 = Release|Any CPU
		{E42933E3-27EB-425C-B9CE-E624AED38126}.AppStore|iPhoneSimulator.ActiveCfg = Release|Any CPU
		{E42933E3-27EB-425C-B9CE-E624AED38126}.AppStore|iPhoneSimulator.Build.0 = Release|Any CPU
		{E42933E3-27EB-425C-B9CE-E624AED38126}.AppStore|iPhoneSimulator.Deploy.0 = Release|Any CPU
		{E42933E3-27EB-425C-B9CE-E624AED38126}.AppStore|x64.ActiveCfg = Release|Any CPU
		{E42933E3-27EB-425C-B9CE-E624AED38126}.AppStore|x64.Build.0 = Release|Any CPU
		{E42933E3-27EB-425C-B9CE-E624AED38126}.AppStore|x64.Deploy.0 = Release|Any CPU
		{E42933E3-27EB-425C-B9CE-E624AED38126}.AppStore|x86.ActiveCfg = Release|Any CPU
		{E42933E3-27EB-425C-B9CE-E624AED38126}.AppStore|x86.Build.0 = Release|Any CPU
		{E42933E3-27EB-425C-B9CE-E624AED38126}.AppStore|x86.Deploy.0 = Release|Any CPU
		{E42933E3-27EB-425C-B9CE-E624AED38126}.Debug|Any CPU.ActiveCfg = Debug|Any CPU
		{E42933E3-27EB-425C-B9CE-E624AED38126}.Debug|Any CPU.Build.0 = Debug|Any CPU
		{E42933E3-27EB-425C-B9CE-E624AED38126}.Debug|Any CPU.Deploy.0 = Debug|Any CPU
		{E42933E3-27EB-425C-B9CE-E624AED38126}.Debug|ARM.ActiveCfg = Debug|Any CPU
		{E42933E3-27EB-425C-B9CE-E624AED38126}.Debug|ARM.Build.0 = Debug|Any CPU
		{E42933E3-27EB-425C-B9CE-E624AED38126}.Debug|ARM.Deploy.0 = Debug|Any CPU
		{E42933E3-27EB-425C-B9CE-E624AED38126}.Debug|iPhone.ActiveCfg = Debug|Any CPU
		{E42933E3-27EB-425C-B9CE-E624AED38126}.Debug|iPhone.Build.0 = Debug|Any CPU
		{E42933E3-27EB-425C-B9CE-E624AED38126}.Debug|iPhone.Deploy.0 = Debug|Any CPU
		{E42933E3-27EB-425C-B9CE-E624AED38126}.Debug|iPhoneSimulator.ActiveCfg = Debug|Any CPU
		{E42933E3-27EB-425C-B9CE-E624AED38126}.Debug|iPhoneSimulator.Build.0 = Debug|Any CPU
		{E42933E3-27EB-425C-B9CE-E624AED38126}.Debug|iPhoneSimulator.Deploy.0 = Debug|Any CPU
		{E42933E3-27EB-425C-B9CE-E624AED38126}.Debug|x64.ActiveCfg = Debug|Any CPU
		{E42933E3-27EB-425C-B9CE-E624AED38126}.Debug|x64.Build.0 = Debug|Any CPU
		{E42933E3-27EB-425C-B9CE-E624AED38126}.Debug|x64.Deploy.0 = Debug|Any CPU
		{E42933E3-27EB-425C-B9CE-E624AED38126}.Debug|x86.ActiveCfg = Debug|Any CPU
		{E42933E3-27EB-425C-B9CE-E624AED38126}.Debug|x86.Build.0 = Debug|Any CPU
		{E42933E3-27EB-425C-B9CE-E624AED38126}.Debug|x86.Deploy.0 = Debug|Any CPU
		{E42933E3-27EB-425C-B9CE-E624AED38126}.Release|Any CPU.ActiveCfg = Release|Any CPU
		{E42933E3-27EB-425C-B9CE-E624AED38126}.Release|Any CPU.Build.0 = Release|Any CPU
		{E42933E3-27EB-425C-B9CE-E624AED38126}.Release|Any CPU.Deploy.0 = Release|Any CPU
		{E42933E3-27EB-425C-B9CE-E624AED38126}.Release|ARM.ActiveCfg = Release|Any CPU
		{E42933E3-27EB-425C-B9CE-E624AED38126}.Release|ARM.Build.0 = Release|Any CPU
		{E42933E3-27EB-425C-B9CE-E624AED38126}.Release|ARM.Deploy.0 = Release|Any CPU
		{E42933E3-27EB-425C-B9CE-E624AED38126}.Release|iPhone.ActiveCfg = Release|Any CPU
		{E42933E3-27EB-425C-B9CE-E624AED38126}.Release|iPhone.Build.0 = Release|Any CPU
		{E42933E3-27EB-425C-B9CE-E624AED38126}.Release|iPhone.Deploy.0 = Release|Any CPU
		{E42933E3-27EB-425C-B9CE-E624AED38126}.Release|iPhoneSimulator.ActiveCfg = Release|Any CPU
		{E42933E3-27EB-425C-B9CE-E624AED38126}.Release|iPhoneSimulator.Build.0 = Release|Any CPU
		{E42933E3-27EB-425C-B9CE-E624AED38126}.Release|iPhoneSimulator.Deploy.0 = Release|Any CPU
		{E42933E3-27EB-425C-B9CE-E624AED38126}.Release|x64.ActiveCfg = Release|Any CPU
		{E42933E3-27EB-425C-B9CE-E624AED38126}.Release|x64.Build.0 = Release|Any CPU
		{E42933E3-27EB-425C-B9CE-E624AED38126}.Release|x64.Deploy.0 = Release|Any CPU
		{E42933E3-27EB-425C-B9CE-E624AED38126}.Release|x86.ActiveCfg = Release|Any CPU
		{E42933E3-27EB-425C-B9CE-E624AED38126}.Release|x86.Build.0 = Release|Any CPU
		{E42933E3-27EB-425C-B9CE-E624AED38126}.Release|x86.Deploy.0 = Release|Any CPU
		{FA55DECD-0ED7-4A12-B55C-A13AA0F95BC1}.Ad-Hoc|Any CPU.ActiveCfg = Ad-Hoc|iPhone
		{FA55DECD-0ED7-4A12-B55C-A13AA0F95BC1}.Ad-Hoc|ARM.ActiveCfg = Ad-Hoc|iPhone
		{FA55DECD-0ED7-4A12-B55C-A13AA0F95BC1}.Ad-Hoc|iPhone.ActiveCfg = Ad-Hoc|iPhone
		{FA55DECD-0ED7-4A12-B55C-A13AA0F95BC1}.Ad-Hoc|iPhone.Build.0 = Ad-Hoc|iPhone
		{FA55DECD-0ED7-4A12-B55C-A13AA0F95BC1}.Ad-Hoc|iPhoneSimulator.ActiveCfg = Ad-Hoc|iPhoneSimulator
		{FA55DECD-0ED7-4A12-B55C-A13AA0F95BC1}.Ad-Hoc|iPhoneSimulator.Build.0 = Ad-Hoc|iPhoneSimulator
		{FA55DECD-0ED7-4A12-B55C-A13AA0F95BC1}.Ad-Hoc|x64.ActiveCfg = Ad-Hoc|iPhone
		{FA55DECD-0ED7-4A12-B55C-A13AA0F95BC1}.Ad-Hoc|x86.ActiveCfg = Ad-Hoc|iPhone
		{FA55DECD-0ED7-4A12-B55C-A13AA0F95BC1}.AppStore|Any CPU.ActiveCfg = AppStore|iPhone
		{FA55DECD-0ED7-4A12-B55C-A13AA0F95BC1}.AppStore|ARM.ActiveCfg = AppStore|iPhone
		{FA55DECD-0ED7-4A12-B55C-A13AA0F95BC1}.AppStore|iPhone.ActiveCfg = AppStore|iPhone
		{FA55DECD-0ED7-4A12-B55C-A13AA0F95BC1}.AppStore|iPhone.Build.0 = AppStore|iPhone
		{FA55DECD-0ED7-4A12-B55C-A13AA0F95BC1}.AppStore|iPhoneSimulator.ActiveCfg = AppStore|iPhoneSimulator
		{FA55DECD-0ED7-4A12-B55C-A13AA0F95BC1}.AppStore|iPhoneSimulator.Build.0 = AppStore|iPhoneSimulator
		{FA55DECD-0ED7-4A12-B55C-A13AA0F95BC1}.AppStore|x64.ActiveCfg = AppStore|iPhone
		{FA55DECD-0ED7-4A12-B55C-A13AA0F95BC1}.AppStore|x86.ActiveCfg = AppStore|iPhone
		{FA55DECD-0ED7-4A12-B55C-A13AA0F95BC1}.Debug|Any CPU.ActiveCfg = Debug|iPhone
		{FA55DECD-0ED7-4A12-B55C-A13AA0F95BC1}.Debug|ARM.ActiveCfg = Debug|iPhone
		{FA55DECD-0ED7-4A12-B55C-A13AA0F95BC1}.Debug|iPhone.ActiveCfg = Debug|iPhone
		{FA55DECD-0ED7-4A12-B55C-A13AA0F95BC1}.Debug|iPhone.Build.0 = Debug|iPhone
		{FA55DECD-0ED7-4A12-B55C-A13AA0F95BC1}.Debug|iPhoneSimulator.ActiveCfg = Debug|iPhoneSimulator
		{FA55DECD-0ED7-4A12-B55C-A13AA0F95BC1}.Debug|iPhoneSimulator.Build.0 = Debug|iPhoneSimulator
		{FA55DECD-0ED7-4A12-B55C-A13AA0F95BC1}.Debug|x64.ActiveCfg = Debug|iPhone
		{FA55DECD-0ED7-4A12-B55C-A13AA0F95BC1}.Debug|x86.ActiveCfg = Debug|iPhone
		{FA55DECD-0ED7-4A12-B55C-A13AA0F95BC1}.Release|Any CPU.ActiveCfg = Release|iPhone
		{FA55DECD-0ED7-4A12-B55C-A13AA0F95BC1}.Release|ARM.ActiveCfg = Release|iPhone
		{FA55DECD-0ED7-4A12-B55C-A13AA0F95BC1}.Release|iPhone.ActiveCfg = Release|iPhone
		{FA55DECD-0ED7-4A12-B55C-A13AA0F95BC1}.Release|iPhone.Build.0 = Release|iPhone
		{FA55DECD-0ED7-4A12-B55C-A13AA0F95BC1}.Release|iPhoneSimulator.ActiveCfg = Release|iPhoneSimulator
		{FA55DECD-0ED7-4A12-B55C-A13AA0F95BC1}.Release|iPhoneSimulator.Build.0 = Release|iPhoneSimulator
		{FA55DECD-0ED7-4A12-B55C-A13AA0F95BC1}.Release|x64.ActiveCfg = Release|iPhone
		{FA55DECD-0ED7-4A12-B55C-A13AA0F95BC1}.Release|x86.ActiveCfg = Release|iPhone
		{A2D82AFC-6E2B-4828-A381-5B2CD83AED54}.Ad-Hoc|Any CPU.ActiveCfg = Release|x86
		{A2D82AFC-6E2B-4828-A381-5B2CD83AED54}.Ad-Hoc|Any CPU.Build.0 = Release|x86
		{A2D82AFC-6E2B-4828-A381-5B2CD83AED54}.Ad-Hoc|Any CPU.Deploy.0 = Release|x86
		{A2D82AFC-6E2B-4828-A381-5B2CD83AED54}.Ad-Hoc|ARM.ActiveCfg = Release|ARM
		{A2D82AFC-6E2B-4828-A381-5B2CD83AED54}.Ad-Hoc|ARM.Build.0 = Release|ARM
		{A2D82AFC-6E2B-4828-A381-5B2CD83AED54}.Ad-Hoc|ARM.Deploy.0 = Release|ARM
		{A2D82AFC-6E2B-4828-A381-5B2CD83AED54}.Ad-Hoc|iPhone.ActiveCfg = Release|x86
		{A2D82AFC-6E2B-4828-A381-5B2CD83AED54}.Ad-Hoc|iPhone.Build.0 = Release|x86
		{A2D82AFC-6E2B-4828-A381-5B2CD83AED54}.Ad-Hoc|iPhone.Deploy.0 = Release|x86
		{A2D82AFC-6E2B-4828-A381-5B2CD83AED54}.Ad-Hoc|iPhoneSimulator.ActiveCfg = Release|x86
		{A2D82AFC-6E2B-4828-A381-5B2CD83AED54}.Ad-Hoc|iPhoneSimulator.Build.0 = Release|x86
		{A2D82AFC-6E2B-4828-A381-5B2CD83AED54}.Ad-Hoc|iPhoneSimulator.Deploy.0 = Release|x86
		{A2D82AFC-6E2B-4828-A381-5B2CD83AED54}.Ad-Hoc|x64.ActiveCfg = Release|x64
		{A2D82AFC-6E2B-4828-A381-5B2CD83AED54}.Ad-Hoc|x64.Build.0 = Release|x64
		{A2D82AFC-6E2B-4828-A381-5B2CD83AED54}.Ad-Hoc|x64.Deploy.0 = Release|x64
		{A2D82AFC-6E2B-4828-A381-5B2CD83AED54}.Ad-Hoc|x86.ActiveCfg = Release|x86
		{A2D82AFC-6E2B-4828-A381-5B2CD83AED54}.Ad-Hoc|x86.Build.0 = Release|x86
		{A2D82AFC-6E2B-4828-A381-5B2CD83AED54}.Ad-Hoc|x86.Deploy.0 = Release|x86
		{A2D82AFC-6E2B-4828-A381-5B2CD83AED54}.AppStore|Any CPU.ActiveCfg = Release|x86
		{A2D82AFC-6E2B-4828-A381-5B2CD83AED54}.AppStore|Any CPU.Build.0 = Release|x86
		{A2D82AFC-6E2B-4828-A381-5B2CD83AED54}.AppStore|Any CPU.Deploy.0 = Release|x86
		{A2D82AFC-6E2B-4828-A381-5B2CD83AED54}.AppStore|ARM.ActiveCfg = Release|ARM
		{A2D82AFC-6E2B-4828-A381-5B2CD83AED54}.AppStore|ARM.Build.0 = Release|ARM
		{A2D82AFC-6E2B-4828-A381-5B2CD83AED54}.AppStore|ARM.Deploy.0 = Release|ARM
		{A2D82AFC-6E2B-4828-A381-5B2CD83AED54}.AppStore|iPhone.ActiveCfg = Release|x86
		{A2D82AFC-6E2B-4828-A381-5B2CD83AED54}.AppStore|iPhone.Build.0 = Release|x86
		{A2D82AFC-6E2B-4828-A381-5B2CD83AED54}.AppStore|iPhone.Deploy.0 = Release|x86
		{A2D82AFC-6E2B-4828-A381-5B2CD83AED54}.AppStore|iPhoneSimulator.ActiveCfg = Release|x86
		{A2D82AFC-6E2B-4828-A381-5B2CD83AED54}.AppStore|iPhoneSimulator.Build.0 = Release|x86
		{A2D82AFC-6E2B-4828-A381-5B2CD83AED54}.AppStore|iPhoneSimulator.Deploy.0 = Release|x86
		{A2D82AFC-6E2B-4828-A381-5B2CD83AED54}.AppStore|x64.ActiveCfg = Release|x64
		{A2D82AFC-6E2B-4828-A381-5B2CD83AED54}.AppStore|x64.Build.0 = Release|x64
		{A2D82AFC-6E2B-4828-A381-5B2CD83AED54}.AppStore|x64.Deploy.0 = Release|x64
		{A2D82AFC-6E2B-4828-A381-5B2CD83AED54}.AppStore|x86.ActiveCfg = Release|x86
		{A2D82AFC-6E2B-4828-A381-5B2CD83AED54}.AppStore|x86.Build.0 = Release|x86
		{A2D82AFC-6E2B-4828-A381-5B2CD83AED54}.AppStore|x86.Deploy.0 = Release|x86
		{A2D82AFC-6E2B-4828-A381-5B2CD83AED54}.Debug|Any CPU.ActiveCfg = Debug|x86
		{A2D82AFC-6E2B-4828-A381-5B2CD83AED54}.Debug|Any CPU.Build.0 = Debug|x86
		{A2D82AFC-6E2B-4828-A381-5B2CD83AED54}.Debug|Any CPU.Deploy.0 = Debug|x86
		{A2D82AFC-6E2B-4828-A381-5B2CD83AED54}.Debug|ARM.ActiveCfg = Debug|ARM
		{A2D82AFC-6E2B-4828-A381-5B2CD83AED54}.Debug|ARM.Build.0 = Debug|ARM
		{A2D82AFC-6E2B-4828-A381-5B2CD83AED54}.Debug|ARM.Deploy.0 = Debug|ARM
		{A2D82AFC-6E2B-4828-A381-5B2CD83AED54}.Debug|iPhone.ActiveCfg = Debug|x86
		{A2D82AFC-6E2B-4828-A381-5B2CD83AED54}.Debug|iPhoneSimulator.ActiveCfg = Debug|x86
		{A2D82AFC-6E2B-4828-A381-5B2CD83AED54}.Debug|x64.ActiveCfg = Debug|x64
		{A2D82AFC-6E2B-4828-A381-5B2CD83AED54}.Debug|x64.Build.0 = Debug|x64
		{A2D82AFC-6E2B-4828-A381-5B2CD83AED54}.Debug|x64.Deploy.0 = Debug|x64
		{A2D82AFC-6E2B-4828-A381-5B2CD83AED54}.Debug|x86.ActiveCfg = Debug|x86
		{A2D82AFC-6E2B-4828-A381-5B2CD83AED54}.Debug|x86.Build.0 = Debug|x86
		{A2D82AFC-6E2B-4828-A381-5B2CD83AED54}.Debug|x86.Deploy.0 = Debug|x86
		{A2D82AFC-6E2B-4828-A381-5B2CD83AED54}.Release|Any CPU.ActiveCfg = Release|x86
		{A2D82AFC-6E2B-4828-A381-5B2CD83AED54}.Release|ARM.ActiveCfg = Release|ARM
		{A2D82AFC-6E2B-4828-A381-5B2CD83AED54}.Release|ARM.Build.0 = Release|ARM
		{A2D82AFC-6E2B-4828-A381-5B2CD83AED54}.Release|ARM.Deploy.0 = Release|ARM
		{A2D82AFC-6E2B-4828-A381-5B2CD83AED54}.Release|iPhone.ActiveCfg = Release|x86
		{A2D82AFC-6E2B-4828-A381-5B2CD83AED54}.Release|iPhoneSimulator.ActiveCfg = Release|x86
		{A2D82AFC-6E2B-4828-A381-5B2CD83AED54}.Release|x64.ActiveCfg = Release|x64
		{A2D82AFC-6E2B-4828-A381-5B2CD83AED54}.Release|x64.Build.0 = Release|x64
		{A2D82AFC-6E2B-4828-A381-5B2CD83AED54}.Release|x64.Deploy.0 = Release|x64
		{A2D82AFC-6E2B-4828-A381-5B2CD83AED54}.Release|x86.ActiveCfg = Release|x86
		{A2D82AFC-6E2B-4828-A381-5B2CD83AED54}.Release|x86.Build.0 = Release|x86
		{A2D82AFC-6E2B-4828-A381-5B2CD83AED54}.Release|x86.Deploy.0 = Release|x86
	EndGlobalSection
	GlobalSection(SolutionProperties) = preSolution
		HideSolutionNode = FALSE
	EndGlobalSection
	GlobalSection(ExtensibilityGlobals) = postSolution
		SolutionGuid = {B5BA52A9-723A-4565-8638-BADEEA5F4AC3}
	EndGlobalSection
EndGlobal
